{
  "name": "bp",
  "version": "1.0.0",
  "lockfileVersion": 3,
  "requires": true,
  "packages": {
    "": {
      "name": "bp",
      "version": "1.0.0",
      "license": "ISC",
      "devDependencies": {
        "@minecraft/server": "^1.11.0",
        "@minecraft/server-gametest": "^1.0.0-beta.1.21.60-preview.24",
        "@minecraft/server-ui": "^1.2.0"
      }
    },
    "node_modules/@minecraft/common": {
      "version": "1.2.0",
      "resolved": "https://registry.npmjs.org/@minecraft/common/-/common-1.2.0.tgz",
      "integrity": "sha512-JdmEq4P3Z/FtoBzhLijFgMSVFnFRrUoLwY8DHHrgtFo0mfLTOLTB1RErYjLMsA6b7BGVNxkX/pfFRiH7QZ0XwQ==",
      "dev": true,
      "license": "MIT"
    },
    "node_modules/@minecraft/server": {
      "version": "1.11.0",
      "resolved": "https://registry.npmjs.org/@minecraft/server/-/server-1.11.0.tgz",
      "integrity": "sha512-sVTKkAR7fgcgRrBrl+QiqlwiL07JTCSRbwSLpkmsPDvgfhH4bQsdPXC8fWZGRxwKikC4/oBxGq5j6pJp87yF6Q==",
      "dev": true,
      "license": "MIT",
      "dependencies": {
        "@minecraft/common": "^1.1.0"
      }
    },
    "node_modules/@minecraft/server-gametest": {
      "version": "1.0.0-beta.1.21.60-preview.24",
      "resolved": "https://registry.npmjs.org/@minecraft/server-gametest/-/server-gametest-1.0.0-beta.1.21.60-preview.24.tgz",
      "integrity": "sha512-bajAjOZ0ZWDaVY8RbDmXlHlimxiqt7pmc4SRgyDiCpOoeG40ecp99/C1DAO0n3YTPnWyA+PXRicV83CLIk1Pmg==",
      "dev": true,
      "license": "MIT",
      "dependencies": {
        "@minecraft/common": "^1.0.0",
        "@minecraft/server": "^1.8.0"
      }
    },
    "node_modules/@minecraft/server-gametest/node_modules/@minecraft/server": {
      "version": "1.19.0",
      "resolved": "https://registry.npmjs.org/@minecraft/server/-/server-1.19.0.tgz",
      "integrity": "sha512-Nq42tLYRcH8AIxpBq1F9/sXia75Vp7k7SXnV+t+yaFNKHwE7LZIfJ3TSbQ4THWTbf1VjwnbSUfJ0qVb3aTDCug==",
      "dev": true,
      "license": "MIT",
      "dependencies": {
        "@minecraft/common": "^1.1.0"
      },
      "peerDependencies": {
        "@minecraft/vanilla-data": ">=1.20.70"
      }
    },
    "node_modules/@minecraft/server-ui": {
      "version": "1.2.0",
      "resolved": "https://registry.npmjs.org/@minecraft/server-ui/-/server-ui-1.2.0.tgz",
      "integrity": "sha512-5TNs9mp7jW1nbcybobL0Kmnc4ioOuadp9ys7hHna1lS0rYT0ssC7Ba6bZc+xb7QhIaVsxtt8ChZwOP+paT44ww==",
      "dev": true,
      "license": "MIT",
      "dependencies": {
        "@minecraft/common": "^1.0.0",
        "@minecraft/server": "^1.2.0"
      }
    },
    "node_modules/@minecraft/vanilla-data": {
      "version": "1.21.114",
      "resolved": "https://registry.npmjs.org/@minecraft/vanilla-data/-/vanilla-data-1.21.114.tgz",
      "integrity": "sha512-FQiJ0YHIK/bGJvyndnXb/Mv6Bfiu4KNeh0jcX3E7SqPfgdlFgkERaw9ptMsiBo3PJXOdkLMLMNXqfqL6xEGHUw==",
      "dev": true,
      "license": "MIT",
      "peer": true
    }
  }
}
